
Microsoft Visual Studio Solution File, Format Version 12.00
# Visual Studio 2013
VisualStudioVersion = 12.0.40629.0
MinimumVisualStudioVersion = 10.0.40219.1
Project("{F184B08F-C81C-45F6-A57F-5ABD9991F28F}") = "RRWTApp", "RRWTApp\RRWTApp.vbproj", "{31C50673-8149-477E-BF75-76614FD751FA}"
EndProject
Global
	GlobalSection(SolutionConfigurationPlatforms) = preSolution
		Debug|Any CPU = Debug|Any CPU
		Debug|x86 = Debug|x86
		Release|Any CPU = Release|Any CPU
		Release|x86 = Release|x86
	EndGlobalSection
	GlobalSection(ProjectConfigurationPlatforms) = postSolution
		{31C50673-8149-477E-BF75-76614FD751FA}.Debug|Any CPU.ActiveCfg = Debug|Any CPU
		{31C50673-8149-477E-BF75-76614FD751FA}.Debug|Any CPU.Build.0 = Debug|Any CPU
		{31C50673-8149-477E-BF75-76614FD751FA}.Debug|x86.ActiveCfg = Debug|x86
		{31C50673-8149-477E-BF75-76614FD751FA}.Debug|x86.Build.0 = Debug|x86
		{31C50673-8149-477E-BF75-76614FD751FA}.Release|Any CPU.ActiveCfg = Release|Any CPU
		{31C50673-8149-477E-BF75-76614FD751FA}.Release|Any CPU.Build.0 = Release|Any CPU
		{31C50673-8149-477E-BF75-76614FD751FA}.Release|x86.ActiveCfg = Release|x86
		{31C50673-8149-477E-BF75-76614FD751FA}.Release|x86.Build.0 = Release|x86
	EndGlobalSection
	GlobalSection(SolutionProperties) = preSolution
		HideSolutionNode = FALSE
	EndGlobalSection
EndGlobal
